// !$*UTF8*$!
{
	archiveVersion = 1;
	classes = {
	};
	objectVersion = 52;
	objects = {

/* Begin PBXBuildFile section */
		68CCB33E24A61B24006E8CBC /* AppDelegate.swift in Sources */ = {isa = PBXBuildFile; fileRef = 68CCB33D24A61B24006E8CBC /* AppDelegate.swift */; };
		68CCB34024A61B24006E8CBC /* SceneDelegate.swift in Sources */ = {isa = PBXBuildFile; fileRef = 68CCB33F24A61B24006E8CBC /* SceneDelegate.swift */; };
		68CCB34224A61B24006E8CBC /* ContentView.swift in Sources */ = {isa = PBXBuildFile; fileRef = 68CCB34124A61B24006E8CBC /* ContentView.swift */; };
		68CCB34424A61B29006E8CBC /* Assets.xcassets in Resources */ = {isa = PBXBuildFile; fileRef = 68CCB34324A61B29006E8CBC /* Assets.xcassets */; };
		68CCB34A24A61B29006E8CBC /* LaunchScreen.storyboard in Resources */ = {isa = PBXBuildFile; fileRef = 68CCB34824A61B29006E8CBC /* LaunchScreen.storyboard */; };
		68CCB35B24A635C4006E8CBC /* ModalView in Frameworks */ = {isa = PBXBuildFile; productRef = 68CCB35A24A635C4006E8CBC /* ModalView */; };
/* End PBXBuildFile section */

/* Begin PBXFileReference section */
		68CCB33A24A61B24006E8CBC /* ModalNavigationViewExample.app */ = {isa = PBXFileReference; explicitFileType = wrapper.application; includeInIndex = 0; path = ModalNavigationViewExample.app; sourceTree = BUILT_PRODUCTS_DIR; };
		68CCB33D24A61B24006E8CBC /* AppDelegate.swift */ = {isa = PBXFileReference; lastKnownFileType = sourcecode.swift; path = AppDelegate.swift; sourceTree = "<group>"; };
		68CCB33F24A61B24006E8CBC /* SceneDelegate.swift */ = {isa = PBXFileReference; lastKnownFileType = sourcecode.swift; path = SceneDelegate.swift; sourceTree = "<group>"; };
		68CCB34124A61B24006E8CBC /* ContentView.swift */ = {isa = PBXFileReference; lastKnownFileType = sourcecode.swift; path = ContentView.swift; sourceTree = "<group>"; };
		68CCB34324A61B29006E8CBC /* Assets.xcassets */ = {isa = PBXFileReference; lastKnownFileType = folder.assetcatalog; path = Assets.xcassets; sourceTree = "<group>"; };
		68CCB34924A61B29006E8CBC /* Base */ = {isa = PBXFileReference; lastKnownFileType = file.storyboard; name = Base; path = Base.lproj/LaunchScreen.storyboard; sourceTree = "<group>"; };
		68CCB34B24A61B29006E8CBC /* Info.plist */ = {isa = PBXFileReference; lastKnownFileType = text.plist.xml; path = Info.plist; sourceTree = "<group>"; };
		68CCB35524A6226F006E8CBC /* ModalNavigationView */ = {isa = PBXFileReference; lastKnownFileType = folder; name = ModalNavigationView; path = ..; sourceTree = "<group>"; };
/* End PBXFileReference section */

/* Begin PBXFrameworksBuildPhase section */
		68CCB33724A61B23006E8CBC /* Frameworks */ = {
			isa = PBXFrameworksBuildPhase;
			buildActionMask = 2147483647;
			files = (
				68CCB35B24A635C4006E8CBC /* ModalView in Frameworks */,
			);
			runOnlyForDeploymentPostprocessing = 0;
		};
/* End PBXFrameworksBuildPhase section */

/* Begin PBXGroup section */
		68CCB33124A61B23006E8CBC = {
			isa = PBXGroup;
			children = (
				68CCB35524A6226F006E8CBC /* ModalNavigationView */,
				68CCB33C24A61B24006E8CBC /* ModalNavigationViewExample */,
				68CCB33B24A61B24006E8CBC /* Products */,
				68CCB35224A62103006E8CBC /* Frameworks */,
			);
			sourceTree = "<group>";
		};
		68CCB33B24A61B24006E8CBC /* Products */ = {
			isa = PBXGroup;
			children = (
				68CCB33A24A61B24006E8CBC /* ModalNavigationViewExample.app */,
			);
			name = Products;
			sourceTree = "<group>";
		};
		68CCB33C24A61B24006E8CBC /* ModalNavigationViewExample */ = {
			isa = PBXGroup;
			children = (
				68CCB33D24A61B24006E8CBC /* AppDelegate.swift */,
				68CCB33F24A61B24006E8CBC /* SceneDelegate.swift */,
				68CCB34124A61B24006E8CBC /* ContentView.swift */,
				68CCB34324A61B29006E8CBC /* Assets.xcassets */,
				68CCB34824A61B29006E8CBC /* LaunchScreen.storyboard */,
				68CCB34B24A61B29006E8CBC /* Info.plist */,
			);
			path = ModalNavigationViewExample;
			sourceTree = "<group>";
		};
		68CCB35224A62103006E8CBC /* Frameworks */ = {
			isa = PBXGroup;
			children = (
			);
			name = Frameworks;
			sourceTree = "<group>";
		};
/* End PBXGroup section */

/* Begin PBXNativeTarget section */
		68CCB33924A61B23006E8CBC /* ModalNavigationViewExample */ = {
			isa = PBXNativeTarget;
			buildConfigurationList = 68CCB34E24A61B29006E8CBC /* Build configuration list for PBXNativeTarget "ModalNavigationViewExample" */;
			buildPhases = (
				68CCB33624A61B23006E8CBC /* Sources */,
				68CCB33724A61B23006E8CBC /* Frameworks */,
				68CCB33824A61B23006E8CBC /* Resources */,
			);
			buildRules = (
			);
			dependencies = (
			);
			name = ModalNavigationViewExample;
			packageProductDependencies = (
				68CCB35A24A635C4006E8CBC /* ModalView */,
			);
			productName = ModalNavigationViewExample;
			productReference = 68CCB33A24A61B24006E8CBC /* ModalNavigationViewExample.app */;
			productType = "com.apple.product-type.application";
		};
/* End PBXNativeTarget section */

/* Begin PBXProject section */
		68CCB33224A61B23006E8CBC /* Project object */ = {
			isa = PBXProject;
			attributes = {
				LastSwiftUpdateCheck = 1150;
				LastUpgradeCheck = 1150;
				ORGANIZATIONNAME = HereTrix;
				TargetAttributes = {
					68CCB33924A61B23006E8CBC = {
						CreatedOnToolsVersion = 11.5;
					};
				};
			};
			buildConfigurationList = 68CCB33524A61B23006E8CBC /* Build configuration list for PBXProject "ModalNavigationViewExample" */;
			compatibilityVersion = "Xcode 9.3";
			developmentRegion = en;
			hasScannedForEncodings = 0;
			knownRegions = (
				en,
				Base,
			);
			mainGroup = 68CCB33124A61B23006E8CBC;
			productRefGroup = 68CCB33B24A61B24006E8CBC /* Products */;
			projectDirPath = "";
			projectRoot = "";
			targets = (
				68CCB33924A61B23006E8CBC /* ModalNavigationViewExample */,
			);
		};
/* End PBXProject section */

/* Begin PBXResourcesBuildPhase section */
		68CCB33824A61B23006E8CBC /* Resources */ = {
			isa = PBXResourcesBuildPhase;
			buildActionMask = 2147483647;
			files = (
				68CCB34A24A61B29006E8CBC /* LaunchScreen.storyboard in Resources */,
				68CCB34424A61B29006E8CBC /* Assets.xcassets in Resources */,
			);
			runOnlyForDeploymentPostprocessing = 0;
		};
/* End PBXResourcesBuildPhase section */

/* Begin PBXSourcesBuildPhase section */
		68CCB33624A61B23006E8CBC /* Sources */ = {
			isa = PBXSourcesBuildPhase;
			buildActionMask = 2147483647;
			files = (
				68CCB33E24A61B24006E8CBC /* AppDelegate.swift in Sources */,
				68CCB34024A61B24006E8CBC /* SceneDelegate.swift in Sources */,
				68CCB34224A61B24006E8CBC /* ContentView.swift in Sources */,
			);
			runOnlyForDeploymentPostprocessing = 0;
		};
/* End PBXSourcesBuildPhase section */

/* Begin PBXVariantGroup section */
		68CCB34824A61B29006E8CBC /* LaunchScreen.storyboard */ = {
			isa = PBXVariantGroup;
			children = (
				68CCB34924A61B29006E8CBC /* Base */,
			);
			name = LaunchScreen.storyboard;
			sourceTree = "<group>";
		};
/* End PBXVariantGroup section */

/* Begin XCBuildConfiguration section */
		68CCB34C24A61B29006E8CBC /* Debug */ = {
			isa = XCBuildConfiguration;
			buildSettings = {
				ALWAYS_SEARCH_USER_PATHS = NO;
				CLANG_ANALYZER_NONNULL = YES;
				CLANG_ANALYZER_NUMBER_OBJECT_CONVERSION = YES_AGGRESSIVE;
				CLANG_CXX_LANGUAGE_STANDARD = "gnu++14";
				CLANG_CXX_LIBRARY = "libc++";
				CLANG_ENABLE_MODULES = YES;
				CLANG_ENABLE_OBJC_ARC = YES;
				CLANG_ENABLE_OBJC_WEAK = YES;
				CLANG_WARN_BLOCK_CAPTURE_AUTORELEASING = YES;
				CLANG_WARN_BOOL_CONVERSION = YES;
				CLANG_WARN_COMMA = YES;
				CLANG_WARN_CONSTANT_CONVERSION = YES;
				CLANG_WARN_DEPRECATED_OBJC_IMPLEMENTATIONS = YES;
				CLANG_WARN_DIRECT_OBJC_ISA_USAGE = YES_ERROR;
				CLANG_WARN_DOCUMENTATION_COMMENTS = YES;
				CLANG_WARN_EMPTY_BODY = YES;
				CLANG_WARN_ENUM_CONVERSION = YES;
				CLANG_WARN_INFINITE_RECURSION = YES;
				CLANG_WARN_INT_CONVERSION = YES;
				CLANG_WARN_NON_LITERAL_NULL_CONVERSION = YES;
				CLANG_WARN_OBJC_IMPLICIT_RETAIN_SELF = YES;
				CLANG_WARN_OBJC_LITERAL_CONVERSION = YES;
				CLANG_WARN_OBJC_ROOT_CLASS = YES_ERROR;
				CLANG_WARN_RANGE_LOOP_ANALYSIS = YES;
				CLANG_WARN_STRICT_PROTOTYPES = YES;
				CLANG_WARN_SUSPICIOUS_MOVE = YES;
				CLANG_WARN_UNGUARDED_AVAILABILITY = YES_AGGRESSIVE;
				CLANG_WARN_UNREACHABLE_CODE = YES;
				CLANG_WARN__DUPLICATE_METHOD_MATCH = YES;
				COPY_PHASE_STRIP = NO;
				DEBUG_INFORMATION_FORMAT = dwarf;
				ENABLE_STRICT_OBJC_MSGSEND = YES;
				ENABLE_TESTABILITY = YES;
				GCC_C_LANGUAGE_STANDARD = gnu11;
				GCC_DYNAMIC_NO_PIC = NO;
				GCC_NO_COMMON_BLOCKS = YES;
				GCC_OPTIMIZATION_LEVEL = 0;
				GCC_PREPROCESSOR_DEFINITIONS = (
					"DEBUG=1",
					"$(inherited)",
				);
				GCC_WARN_64_TO_32_BIT_CONVERSION = YES;
				GCC_WARN_ABOUT_RETURN_TYPE = YES_ERROR;
				GCC_WARN_UNDECLARED_SELECTOR = YES;
				GCC_WARN_UNINITIALIZED_AUTOS = YES_AGGRESSIVE;
				GCC_WARN_UNUSED_FUNCTION = YES;
				GCC_WARN_UNUSED_VARIABLE = YES;
				IPHONEOS_DEPLOYMENT_TARGET = 13.5;
				MTL_ENABLE_DEBUG_INFO = INCLUDE_SOURCE;
				MTL_FAST_MATH = YES;
				ONLY_ACTIVE_ARCH = YES;
				SDKROOT = iphoneos;
				SWIFT_ACTIVE_COMPILATION_CONDITIONS = DEBUG;
				SWIFT_OPTIMIZATION_LEVEL = "-Onone";
			};
			name = Debug;
		};
		68CCB34D24A61B29006E8CBC /* Release */ = {
			isa = XCBuildConfiguration;
			buildSettings = {
				ALWAYS_SEARCH_USER_PATHS = NO;
				CLANG_ANALYZER_NONNULL = YES;
				CLANG_ANALYZER_NUMBER_OBJECT_CONVERSION = YES_AGGRESSIVE;
				CLANG_CXX_LANGUAGE_STANDARD = "gnu++14";
				CLANG_CXX_LIBRARY = "libc++";
				CLANG_ENABLE_MODULES = YES;
				CLANG_ENABLE_OBJC_ARC = YES;
				CLANG_ENABLE_OBJC_WEAK = YES;
				CLANG_WARN_BLOCK_CAPTURE_AUTORELEASING = YES;
				CLANG_WARN_BOOL_CONVERSION = YES;
				CLANG_WARN_COMMA = YES;
				CLANG_WARN_CONSTANT_CONVERSION = YES;
				CLANG_WARN_DEPRECATED_OBJC_IMPLEMENTATIONS = YES;
				CLANG_WARN_DIRECT_OBJC_ISA_USAGE = YES_ERROR;
				CLANG_WARN_DOCUMENTATION_COMMENTS = YES;
				CLANG_WARN_EMPTY_BODY = YES;
				CLANG_WARN_ENUM_CONVERSION = YES;
				CLANG_WARN_INFINITE_RECURSION = YES;
				CLANG_WARN_INT_CONVERSION = YES;
				CLANG_WARN_NON_LITERAL_NULL_CONVERSION = YES;
				CLANG_WARN_OBJC_IMPLICIT_RETAIN_SELF = YES;
				CLANG_WARN_OBJC_LITERAL_CONVERSION = YES;
				CLANG_WARN_OBJC_ROOT_CLASS = YES_ERROR;
				CLANG_WARN_RANGE_LOOP_ANALYSIS = YES;
				CLANG_WARN_STRICT_PROTOTYPES = YES;
				CLANG_WARN_SUSPICIOUS_MOVE = YES;
				CLANG_WARN_UNGUARDED_AVAILABILITY = YES_AGGRESSIVE;
				CLANG_WARN_UNREACHABLE_CODE = YES;
				CLANG_WARN__DUPLICATE_METHOD_MATCH = YES;
				COPY_PHASE_STRIP = NO;
				DEBUG_INFORMATION_FORMAT = "dwarf-with-dsym";
				ENABLE_NS_ASSERTIONS = NO;
				ENABLE_STRICT_OBJC_MSGSEND = YES;
				GCC_C_LANGUAGE_STANDARD = gnu11;
				GCC_NO_COMMON_BLOCKS = YES;
				GCC_WARN_64_TO_32_BIT_CONVERSION = YES;
				GCC_WARN_ABOUT_RETURN_TYPE = YES_ERROR;
				GCC_WARN_UNDECLARED_SELECTOR = YES;
				GCC_WARN_UNINITIALIZED_AUTOS = YES_AGGRESSIVE;
				GCC_WARN_UNUSED_FUNCTION = YES;
				GCC_WARN_UNUSED_VARIABLE = YES;
				IPHONEOS_DEPLOYMENT_TARGET = 13.5;
				MTL_ENABLE_DEBUG_INFO = NO;
				MTL_FAST_MATH = YES;
				SDKROOT = iphoneos;
				SWIFT_COMPILATION_MODE = wholemodule;
				SWIFT_OPTIMIZATION_LEVEL = "-O";
				VALIDATE_PRODUCT = YES;
			};
			name = Release;
		};
		68CCB34F24A61B29006E8CBC /* Debug */ = {
			isa = XCBuildConfiguration;
			buildSettings = {
				ASSETCATALOG_COMPILER_APPICON_NAME = AppIcon;
				CODE_SIGN_STYLE = Automatic;
				DEVELOPMENT_ASSET_PATHS = "\"ModalNavigationViewExample/Preview Content\"";
				ENABLE_PREVIEWS = YES;
				INFOPLIST_FILE = ModalNavigationViewExample/Info.plist;
				IPHONEOS_DEPLOYMENT_TARGET = 13.0;
				LD_RUNPATH_SEARCH_PATHS = (
					"$(inherited)",
					"@executable_path/Frameworks",
				);
				PRODUCT_BUNDLE_IDENTIFIER = com.test.ModalNavigationViewExample;
				PRODUCT_NAME = "$(TARGET_NAME)";
				SWIFT_VERSION = 5.0;
				TARGETED_DEVICE_FAMILY = "1,2";
			};
			name = Debug;
		};
		68CCB35024A61B29006E8CBC /* Release */ = {
			isa = XCBuildConfiguration;
			buildSettings = {
				ASSETCATALOG_COMPILER_APPICON_NAME = AppIcon;
				CODE_SIGN_STYLE = Automatic;
				DEVELOPMENT_ASSET_PATHS = "\"ModalNavigationViewExample/Preview Content\"";
				ENABLE_PREVIEWS = YES;
				INFOPLIST_FILE = ModalNavigationViewExample/Info.plist;
				IPHONEOS_DEPLOYMENT_TARGET = 13.0;
				LD_RUNPATH_SEARCH_PATHS = (
					"$(inherited)",
					"@executable_path/Frameworks",
				);
				PRODUCT_BUNDLE_IDENTIFIER = com.test.ModalNavigationViewExample;
				PRODUCT_NAME = "$(TARGET_NAME)";
				SWIFT_VERSION = 5.0;
				TARGETED_DEVICE_FAMILY = "1,2";
			};
			name = Release;
		};
/* End XCBuildConfiguration section */

/* Begin XCConfigurationList section */
		68CCB33524A61B23006E8CBC /* Build configuration list for PBXProject "ModalNavigationViewExample" */ = {
			isa = XCConfigurationList;
			buildConfigurations = (
				68CCB34C24A61B29006E8CBC /* Debug */,
				68CCB34D24A61B29006E8CBC /* Release */,
			);
			defaultConfigurationIsVisible = 0;
			defaultConfigurationName = Release;
		};
		68CCB34E24A61B29006E8CBC /* Build configuration list for PBXNativeTarget "ModalNavigationViewExample" */ = {
			isa = XCConfigurationList;
			buildConfigurations = (
				68CCB34F24A61B29006E8CBC /* Debug */,
				68CCB35024A61B29006E8CBC /* Release */,
			);
			defaultConfigurationIsVisible = 0;
			defaultConfigurationName = Release;
		};
/* End XCConfigurationList section */

/* Begin XCSwiftPackageProductDependency section */
		68CCB35A24A635C4006E8CBC /* ModalView */ = {
			isa = XCSwiftPackageProductDependency;
			productName = ModalView;
		};
/* End XCSwiftPackageProductDependency section */
	};
	rootObject = 68CCB33224A61B23006E8CBC /* Project object */;
}
